{
  "version": 4,
  "terraform_version": "1.9.8",
  "serial": 396,
  "lineage": "7c1b3cdb-d941-472f-565b-c84e90359106",
  "outputs": {
    "eks_cluster_endpoint": {
      "value": "https://5F49A0EB88774A2CC945B08A8FD8AE3D.sk1.eu-west-1.eks.amazonaws.com",
      "type": "string"
    },
    "eks_cluster_id": {
      "value": "my-eks-cluster",
      "type": "string"
    },
    "eks_cluster_role_arn": {
      "value": "arn:aws:iam::212773812862:role/eks-cluster-role",
      "type": "string"
    },
    "eks_key_pair_name": {
      "value": "eks-node-key",
      "type": "string"
    },
    "eks_node_group_name": {
      "value": "my-eks-cluster-node-group",
      "type": "string"
    },
    "public_subnet_ids": {
      "value": [
        "subnet-02a848a4c7e57295b",
        "subnet-0bb9562ad8481f45d"
      ],
      "type": [
        "tuple",
        [
          "string",
          "string"
        ]
      ]
    },
    "vpc_id": {
      "value": "vpc-0654db8c4a6f39ca2",
      "type": "string"
    }
  },
  "resources": [
    {
      "mode": "managed",
      "type": "aws_key_pair",
      "name": "eks_key",
      "provider": "provider[\"registry.terraform.io/hashicorp/aws\"]",
      "instances": [
        {
          "schema_version": 1,
          "attributes": {
            "arn": "arn:aws:ec2:eu-west-1:212773812862:key-pair/eks-node-key",
            "fingerprint": "c0:e4:dc:35:12:e8:24:ae:79:06:2f:dd:80:0d:c8:19",
            "id": "eks-node-key",
            "key_name": "eks-node-key",
            "key_name_prefix": "",
            "key_pair_id": "key-050a767ea09455a95",
            "key_type": "rsa",
            "public_key": "ssh-rsa AAAAB3NzaC1yc2EAAAADAQABAAACAQCmRbmRJzUwl3yczjwsJRSEKKZrXQouBGV4X3+F4HYMk5v/PidJ3JF8cqb0mpSQ56IVtVJPlglYJeNj/nC89eMWwhA3duXu2Nje0sjKWJFO6LqZW8s2UAeoSGPfYPlRqEfhO/aWNaBGv1Pxy4T0wBwkeMgg7UP7YOeuIIMa9j7a//RFAbhyFEAGb1x6hbivcGjwsa/R1VrxaDH4r9iQU0Rc4Gu/G2D30prem/qNfbCugSLp2spBeqr9nmTnDaQFQ3m91jXd2/hylFBKpZW75r8PQEJdhCiwNznLJ+VZwUKUNzK6yRToXn+ysSdBLc3AmDMbb+9oVZaGziTOqSJUYhmuCVDYefxtJh95zbXRw4yJKQ5qFzqL/RqHwAzgeQ3Gu7y7j79vG/VzjhJwMDLnd1qXj5RwxD9Pbgqj5NPSyJbMtKyYW+lS+9cCAn76gwoLgWKjBus2nhkX0tTa4JWWw0RvXsy9vG8zM8akFVIwXNI6ODZwmUiuMvzgl2Ekwtc8KUFvp6QnB9VeeHxoF1Cg9ekyDismQc6dVx8xxsvhGJO/0wb2Gh/3KnrtLr2BrG+2d1CMWmBnTp0KTlxfP538/roNOL9sVfhjzcDVNYPpmEGQUbgT0OTiI/A55f55i9NFy40AbqCFhg1XHnANTJbZDEiPFXZyArCkB7u2LVVVoCJluQ==",
            "tags": null,
            "tags_all": {}
          },
          "sensitive_attributes": [],
          "private": "eyJzY2hlbWFfdmVyc2lvbiI6IjEifQ==",
          "dependencies": [
            "module.eks_iam.aws_iam_role.eks_cluster_role",
            "module.eks_iam.aws_iam_role_policy_attachment.eks_cluster_AmazonEC2ContainerRegistryReadOnly",
            "module.eks_iam.aws_iam_role_policy_attachment.eks_cluster_AmazonEKSClusterPolicy",
            "module.eks_iam.aws_iam_role_policy_attachment.eks_cluster_AmazonEKSVPCResourceController",
            "module.eks_iam.aws_iam_role_policy_attachment.eks_cluster_AmazonEKSWorkerNodePolicy",
            "module.eks_iam.aws_iam_role_policy_attachment.eks_cluster_AmazonEKS_CNI_Policy",
            "module.vpc.aws_internet_gateway.igw",
            "module.vpc.aws_route_table.public_route_table",
            "module.vpc.aws_route_table_association.public_subnet_assoc_1",
            "module.vpc.aws_route_table_association.public_subnet_assoc_2",
            "module.vpc.aws_subnet.public_subnet_1",
            "module.vpc.aws_subnet.public_subnet_2",
            "module.vpc.aws_vpc.main_vpc",
            "tls_private_key.eks_node_key"
          ],
          "create_before_destroy": true
        }
      ]
    },
    {
      "mode": "managed",
      "type": "local_file",
      "name": "eks_node_private_key",
      "provider": "provider[\"registry.terraform.io/hashicorp/local\"]",
      "instances": [
        {
          "schema_version": 0,
          "attributes": {
            "content": "-----BEGIN RSA PRIVATE KEY-----\nMIIJKAIBAAKCAgEApkW5kSc1MJd8nM48LCUUhCima10KLgRleF9/heB2DJOb/z4n\nSdyRfHKm9JqUkOeiFbVST5YJWCXjY/5wvPXjFsIQN3bl7tjY3tLIyliRTui6mVvL\nNlAHqEhj32D5UahH4Tv2ljWgRr9T8cuE9MAcJHjIIO1D+2DnriCDGvY+2v/0RQG4\nchRABm9ceoW4r3Bo8LGv0dVa8Wgx+K/YkFNEXOBrvxtg99Ka3pv6jX2wroEi6drK\nQXqq/Z5k5w2kBUN5vdY13dv4cpRQSqWVu+a/D0BCXYQosDc5yyflWcFClDcyuskU\n6F5/srEnQS3NwJgzG2/vaFWWhs4kzqkiVGIZrglQ2Hn8bSYfec210cOMiSkOahc6\ni/0ah8AM4HkNxru8u4+/bxv1c44ScDAy53dal4+UcMQ/T24Ko+TT0siWzLSsmFvp\nUvvXAgJ++oMKC4FiowbrNp4ZF9LU2uCVlsNEb17MvbxvMzPGpBVSMFzSOjg2cJlI\nrjL84JdhJMLXPClBb6ekJwfVXnh8aBdQoPXpMg4rJkHOnVcfMcbL4RiTv9MG9hof\n9yp67S69gaxvtndQjFpgZ06dCk5cXz+d/P66DTi/bFX4Y83A1TWD6ZhBkFG4E9Dk\n4iPwOeX+eYvTRcuNAG6ghYYNVx5wDUyW2QxIjxV2cgKwpAe7ti1VVaAiZbkCAwEA\nAQKCAgAUGJ9KFPQP0G9mQGLzbvPg2Uzr8w3U7AEboGc4Vh3OfVTAb9Gt0rPe17io\nHbrRHL3xY730Eo1Ekye9oTYdEJcG3CO7oGpACQOFQvKzyiqd3/EVsguIn/mc9Erl\n58Gahf1SEr5F/2tEwcEym0eRkVqVaee+Ww75Zgf6esF9079bFs5+PKv/VcU7QeBq\nipj801hLpx45/VCFlvNbPF2va/D6TMGZEoUQzuqa9z08NrHRFZiTrTb+3QWnq6pE\nZtipLjObpzVRgFGx/40IyKSlVklHXZvn055bVgFtNYA57erPITDHdKBLSYijn1fA\nP/n7Sin7KfdEo/uShX3bYIPesRCrT1hF5UKdfCaAtqcXsVJ2eVXKN+/PcIsTSGBF\nsi6tYJOIHV6g+kGILGj4OdRV5Uw/d5yFubEh/G02OYjOnc4qyKfW3gbvKp+naA2M\nm0Nv53d11okfdOFUtgl3sxztkmvi5jmI8gzQabllnyNljDS5KcGLFZABJl5Dfl7v\nDP0/xZVIzr4oZgB7h/zaGAAZm6ZyqlzQ4czPSQK6k8iwuJ97ptQ9FzlRpXhSB102\n3x6rvwpxqk3q5jYgdIAS5d5awDYIwn8uzZHCsVliLjNHwDOOsxoJcRKQYxXSar/Z\n0gopP2SjGAdfFRp1aHnqhlyZpCZno54x9yb9XQdX5YDN3eiq5QKCAQEAxc2nId4N\nwtssuCJ6Mwfa1pHsnUYSnyDBKF6mTgEYxf2ZKgCFjtuRoieL7RSs2EePAnynKwwp\npfYPtIkBcuYVv4nOZIMY8vciQCk/kNNxdLfnRW0ky/QTpil1Z/4TFAW0aIsMdvzB\n6scwVTgoP5rwcV6uUx+7vYjsx96ux2hb89nbZvdnOq/YVfFlRYQgBUhcBQ6pbVJN\nbMSubVLu5u0lN1zcspbcuzrDhzfdJR3UALd3LtRchljGb31XOg6WAdS4G99gb41U\nyM5OzP53MEHfXq/JoyUuc++SsYMojv6RSsaAN+eQyZlWr/YuEluoEMok5msRpFB+\nymsw+7ob9VcnEwKCAQEA1zEw+LItI5k1OkvfjNQxUXnSc8f1XT9+aMR+Jyi/LYhM\neuxPOx+Oij6T5BTly6NIB88fhzPed6n4IK5bF2sUhvjapbw4wZWSRGvAJ9RQVSWi\nIHrOPc56lHkNOJRjve95MFo3mmO461fVd1nGdFby87YWZbue5tj0Rl2aeRSNL6Zl\nGR4F9gi+IPq0EAHHPf+eMbiMhGighnRhuJQ9SyTdsUodK7tdHaVWfcIB2wJJcQAo\ncMF9zU6/TzpR7/7BCwa4FtVW0ulaeyLTNkhM9xDS1LF2hF0to5XSdj4V4SJLSUmB\nxp/nsjkI90XGAnG+9+/tLCxjRCJFGwiMRtFAPLrdgwKCAQBB0VduloO/tcxgjOBa\ngJ+ZzD6OapWhq3V6aFwwEn9ayjKf3kKSsY75BO2zerC02sLEUhQR598n4QOC0B/S\nSqsr67/ohBLWLdOQw+jp2OGks9jZqiKXVuT+4ka1zr4saGWKb9I6+YnRBGyZvrDt\n0TF2l8mr0SBYRep76yX/JkOKlZBC58nKpl524ncPNZKuD1DHQgSwYrVuntdnezQR\nVRGQJW8uYbKa/ke3g6grRIyZnHKk+3a6IWoOCQfwQpA5lb2ZUK+3DrEKjFN+NKIW\nRaT8zcNrbODTJQGL3ZeuVRilZ/2cHIp5+nL05BaadzMqOwkiPrhFE5/M3PQUnu3U\nqiZPAoIBAD3kHwKYNFVVvjJbGhul991IHVhBfXdpSJEXWnUmyf1tgxmjl5IYnGV0\nZBKoVANCnffpAVdgeq6OCxhTLU3J9WhwcGpUfTpoK15UYzrRXJ1wqnWO/HxYQ3cq\nbbwFKb65/nACspVL8yZ056dhAav6SfwANebilGwun+sRBtmmKIk44UDdGrfNgel4\nUYt9B3H0b+o6+ucmNG0XUffFYu+W1dAk0cj/JWPeZsbaoq/7s2W1tuvfKrB+4pUF\n4AUXjyv9rbqbd1JH3UcnF/o3xzMT+p9DvyOIrRSshZCOgLp0o5SbeKDI4tmmf8am\nobGYR2WF8v/OcGprNNb2mWnQyxnsYMMCggEBAK/r7ZyFIgr1aNLn9tI5BAaOwZSs\nQFZlKHEVUbZY8PBCnztrw18guMNvSvI0fU6XmOTrTXQyJ4xgcciGJ60x16cUE8b9\nFL8A7ZNvXVk19K7xcph7vVrsaFsQRpxippOxeOXsrzNdujl0nIruY+NnzlRWkhLo\n5iRvcxjcSmHu9lKD9vJnT7GgKiPsr388MI8uvLd0vSroaL6seek/Lj40MlE/3/UN\nRyrnYJN8B1dsbbIjAJcuw6XExbYPgi/LvRQoe1DpBfYuDn/vSKCI6Q9mU1TsbRbg\nNS5ImW/zEI54jjjfhUVdxuQrJr/iBjc5G2gl/pA7N3zTwfm5WCiBD+Y8qfk=\n-----END RSA PRIVATE KEY-----\n",
            "content_base64": null,
            "content_base64sha256": "+AgKGMR9wW8rDWBlJVHFVPyP2Z1fnmsRMht4pxSmbps=",
            "content_base64sha512": "GfStvl8FkpcjZF7El2uTtI7bZVMTQD8Efavd4lRm9LETMdFIsR9pSWFvCBwaINRHz5Uc34X00HyyE5bAQQj+Qg==",
            "content_md5": "3766e5a1fc3a2cbfaebd7f362d828a28",
            "content_sha1": "388231bea75f4702c631a653869b7b46acd2b562",
            "content_sha256": "f8080a18c47dc16f2b0d60652551c554fc8fd99d5f9e6b11321b78a714a66e9b",
            "content_sha512": "19f4adbe5f05929723645ec4976b93b48edb655313403f047dabdde25466f4b11331d148b11f6949616f081c1a20d447cf951cdf85f4d07cb21396c04108fe42",
            "directory_permission": "0777",
            "file_permission": "0400",
            "filename": "./manifest/eks-node-key.pem",
            "id": "388231bea75f4702c631a653869b7b46acd2b562",
            "sensitive_content": null,
            "source": null
          },
          "sensitive_attributes": [
            [
              {
                "type": "get_attr",
                "value": "content"
              }
            ],
            [
              {
                "type": "get_attr",
                "value": "sensitive_content"
              }
            ]
          ],
          "dependencies": [
            "aws_key_pair.eks_key",
            "module.eks_iam.aws_iam_role.eks_cluster_role",
            "module.eks_iam.aws_iam_role_policy_attachment.eks_cluster_AmazonEC2ContainerRegistryReadOnly",
            "module.eks_iam.aws_iam_role_policy_attachment.eks_cluster_AmazonEKSClusterPolicy",
            "module.eks_iam.aws_iam_role_policy_attachment.eks_cluster_AmazonEKSVPCResourceController",
            "module.eks_iam.aws_iam_role_policy_attachment.eks_cluster_AmazonEKSWorkerNodePolicy",
            "module.eks_iam.aws_iam_role_policy_attachment.eks_cluster_AmazonEKS_CNI_Policy",
            "module.vpc.aws_internet_gateway.igw",
            "module.vpc.aws_route_table.public_route_table",
            "module.vpc.aws_route_table_association.public_subnet_assoc_1",
            "module.vpc.aws_route_table_association.public_subnet_assoc_2",
            "module.vpc.aws_subnet.public_subnet_1",
            "module.vpc.aws_subnet.public_subnet_2",
            "module.vpc.aws_vpc.main_vpc",
            "tls_private_key.eks_node_key"
          ],
          "create_before_destroy": true
        }
      ]
    },
    {
      "mode": "managed",
      "type": "tls_private_key",
      "name": "eks_node_key",
      "provider": "provider[\"registry.terraform.io/hashicorp/tls\"]",
      "instances": [
        {
          "schema_version": 1,
          "attributes": {
            "algorithm": "RSA",
            "ecdsa_curve": "P224",
            "id": "f43c9f138a2ad0521225005411770081ec438e69",
            "private_key_openssh": "-----BEGIN OPENSSH PRIVATE KEY-----\nb3BlbnNzaC1rZXktdjEAAAAABG5vbmUAAAAEbm9uZQAAAAAAAAABAAACFwAAAAdz\nc2gtcnNhAAAAAwEAAQAAAgEApkW5kSc1MJd8nM48LCUUhCima10KLgRleF9/heB2\nDJOb/z4nSdyRfHKm9JqUkOeiFbVST5YJWCXjY/5wvPXjFsIQN3bl7tjY3tLIyliR\nTui6mVvLNlAHqEhj32D5UahH4Tv2ljWgRr9T8cuE9MAcJHjIIO1D+2DnriCDGvY+\n2v/0RQG4chRABm9ceoW4r3Bo8LGv0dVa8Wgx+K/YkFNEXOBrvxtg99Ka3pv6jX2w\nroEi6drKQXqq/Z5k5w2kBUN5vdY13dv4cpRQSqWVu+a/D0BCXYQosDc5yyflWcFC\nlDcyuskU6F5/srEnQS3NwJgzG2/vaFWWhs4kzqkiVGIZrglQ2Hn8bSYfec210cOM\niSkOahc6i/0ah8AM4HkNxru8u4+/bxv1c44ScDAy53dal4+UcMQ/T24Ko+TT0siW\nzLSsmFvpUvvXAgJ++oMKC4FiowbrNp4ZF9LU2uCVlsNEb17MvbxvMzPGpBVSMFzS\nOjg2cJlIrjL84JdhJMLXPClBb6ekJwfVXnh8aBdQoPXpMg4rJkHOnVcfMcbL4RiT\nv9MG9hof9yp67S69gaxvtndQjFpgZ06dCk5cXz+d/P66DTi/bFX4Y83A1TWD6ZhB\nkFG4E9Dk4iPwOeX+eYvTRcuNAG6ghYYNVx5wDUyW2QxIjxV2cgKwpAe7ti1VVaAi\nZbkAAAc4jK+ByoyvgcoAAAAHc3NoLXJzYQAAAgEApkW5kSc1MJd8nM48LCUUhCim\na10KLgRleF9/heB2DJOb/z4nSdyRfHKm9JqUkOeiFbVST5YJWCXjY/5wvPXjFsIQ\nN3bl7tjY3tLIyliRTui6mVvLNlAHqEhj32D5UahH4Tv2ljWgRr9T8cuE9MAcJHjI\nIO1D+2DnriCDGvY+2v/0RQG4chRABm9ceoW4r3Bo8LGv0dVa8Wgx+K/YkFNEXOBr\nvxtg99Ka3pv6jX2wroEi6drKQXqq/Z5k5w2kBUN5vdY13dv4cpRQSqWVu+a/D0BC\nXYQosDc5yyflWcFClDcyuskU6F5/srEnQS3NwJgzG2/vaFWWhs4kzqkiVGIZrglQ\n2Hn8bSYfec210cOMiSkOahc6i/0ah8AM4HkNxru8u4+/bxv1c44ScDAy53dal4+U\ncMQ/T24Ko+TT0siWzLSsmFvpUvvXAgJ++oMKC4FiowbrNp4ZF9LU2uCVlsNEb17M\nvbxvMzPGpBVSMFzSOjg2cJlIrjL84JdhJMLXPClBb6ekJwfVXnh8aBdQoPXpMg4r\nJkHOnVcfMcbL4RiTv9MG9hof9yp67S69gaxvtndQjFpgZ06dCk5cXz+d/P66DTi/\nbFX4Y83A1TWD6ZhBkFG4E9Dk4iPwOeX+eYvTRcuNAG6ghYYNVx5wDUyW2QxIjxV2\ncgKwpAe7ti1VVaAiZbkAAAADAQABAAACABQYn0oU9A/Qb2ZAYvNu8+DZTOvzDdTs\nARugZzhWHc59VMBv0a3Ss97XuKgdutEcvfFjvfQSjUSTJ72hNh0QlwbcI7ugakAJ\nA4VC8rPKKp3f8RWyC4if+Zz0SuXnwZqF/VISvkX/a0TBwTKbR5GRWpVp575bDvlm\nB/p6wX3Tv1sWzn48q/9VxTtB4GqKmPzTWEunHjn9UIWW81s8Xa9r8PpMwZkShRDO\n6pr3PTw2sdEVmJOtNv7dBaerqkRm2KkuM5unNVGAUbH/jQjIpKVWSUddm+fTnltW\nAW01gDnt6s8hMMd0oEtJiKOfV8A/+ftKKfsp90Sj+5KFfdtgg96xEKtPWEXlQp18\nJoC2pxexUnZ5Vco3789wixNIYEWyLq1gk4gdXqD6QYgsaPg51FXlTD93nIW5sSH8\nbTY5iM6dzirIp9beBu8qn6doDYybQ2/nd3XWiR904VS2CXezHO2Sa+LmOYjyDNBp\nuWWfI2WMNLkpwYsVkAEmXkN+Xu8M/T/FlUjOvihmAHuH/NoYABmbpnKqXNDhzM9J\nArqTyLC4n3um1D0XOVGleFIHXTbfHqu/CnGqTermNiB0gBLl3lrANgjCfy7NkcKx\nWWIuM0fAM46zGglxEpBjFdJqv9nSCik/ZKMYB18VGnVoeeqGXJmkJmejnjH3Jv1d\nB1flgM3d6KrlAAABAQCv6+2chSIK9WjS5/bSOQQGjsGUrEBWZShxFVG2WPDwQp87\na8NfILjDb0ryNH1Ol5jk6010MieMYHHIhietMdenFBPG/RS/AO2Tb11ZNfSu8XKY\ne71a7GhbEEacYqaTsXjl7K8zXbo5dJyK7mPjZ85UVpIS6OYkb3MY3Eph7vZSg/by\nZ0+xoCoj7K9/PDCPLry3dL0q6Gi+rHnpPy4+NDJRP9/1DUcq52CTfAdXbG2yIwCX\nLsOlxMW2D4Ivy70UKHtQ6QX2Lg5/70igiOkPZlNU7G0W4DUuSJlv8xCOeI4434VF\nXcbkKya/4gY3ORtoJf6QOzd808H5uVgogQ/mPKn5AAABAQDFzach3g3C2yy4Inoz\nB9rWkeydRhKfIMEoXqZOARjF/ZkqAIWO25GiJ4vtFKzYR48CfKcrDCml9g+0iQFy\n5hW/ic5kgxjy9yJAKT+Q03F0t+dFbSTL9BOmKXVn/hMUBbRoiwx2/MHqxzBVOCg/\nmvBxXq5TH7u9iOzH3q7HaFvz2dtm92c6r9hV8WVFhCAFSFwFDqltUk1sxK5tUu7m\n7SU3XNyylty7OsOHN90lHdQAt3cu1FyGWMZvfVc6DpYB1Lgb32BvjVTIzk7M/ncw\nQd9er8mjJS5z75KxgyiO/pFKxoA355DJmVav9i4SW6gQyiTmaxGkUH7KazD7uhv1\nVycTAAABAQDXMTD4si0jmTU6S9+M1DFRedJzx/VdP35oxH4nKL8tiEx67E87H46K\nPpPkFOXLo0gHzx+HM953qfggrlsXaxSG+NqlvDjBlZJEa8An1FBVJaIges49znqU\neQ04lGO973kwWjeaY7jrV9V3WcZ0VvLzthZlu57m2PRGXZp5FI0vpmUZHgX2CL4g\n+rQQAcc9/54xuIyEaKCGdGG4lD1LJN2xSh0ru10dpVZ9wgHbAklxAChwwX3NTr9P\nOlHv/sELBrgW1VbS6Vp7ItM2SEz3ENLUsXaEXS2jldJ2PhXhIktJSYHGn+eyOQj3\nRcYCcb737+0sLGNEIkUbCIxG0UA8ut2DAAAAAAEC\n-----END OPENSSH PRIVATE KEY-----\n",
            "private_key_pem": "-----BEGIN RSA PRIVATE KEY-----\nMIIJKAIBAAKCAgEApkW5kSc1MJd8nM48LCUUhCima10KLgRleF9/heB2DJOb/z4n\nSdyRfHKm9JqUkOeiFbVST5YJWCXjY/5wvPXjFsIQN3bl7tjY3tLIyliRTui6mVvL\nNlAHqEhj32D5UahH4Tv2ljWgRr9T8cuE9MAcJHjIIO1D+2DnriCDGvY+2v/0RQG4\nchRABm9ceoW4r3Bo8LGv0dVa8Wgx+K/YkFNEXOBrvxtg99Ka3pv6jX2wroEi6drK\nQXqq/Z5k5w2kBUN5vdY13dv4cpRQSqWVu+a/D0BCXYQosDc5yyflWcFClDcyuskU\n6F5/srEnQS3NwJgzG2/vaFWWhs4kzqkiVGIZrglQ2Hn8bSYfec210cOMiSkOahc6\ni/0ah8AM4HkNxru8u4+/bxv1c44ScDAy53dal4+UcMQ/T24Ko+TT0siWzLSsmFvp\nUvvXAgJ++oMKC4FiowbrNp4ZF9LU2uCVlsNEb17MvbxvMzPGpBVSMFzSOjg2cJlI\nrjL84JdhJMLXPClBb6ekJwfVXnh8aBdQoPXpMg4rJkHOnVcfMcbL4RiTv9MG9hof\n9yp67S69gaxvtndQjFpgZ06dCk5cXz+d/P66DTi/bFX4Y83A1TWD6ZhBkFG4E9Dk\n4iPwOeX+eYvTRcuNAG6ghYYNVx5wDUyW2QxIjxV2cgKwpAe7ti1VVaAiZbkCAwEA\nAQKCAgAUGJ9KFPQP0G9mQGLzbvPg2Uzr8w3U7AEboGc4Vh3OfVTAb9Gt0rPe17io\nHbrRHL3xY730Eo1Ekye9oTYdEJcG3CO7oGpACQOFQvKzyiqd3/EVsguIn/mc9Erl\n58Gahf1SEr5F/2tEwcEym0eRkVqVaee+Ww75Zgf6esF9079bFs5+PKv/VcU7QeBq\nipj801hLpx45/VCFlvNbPF2va/D6TMGZEoUQzuqa9z08NrHRFZiTrTb+3QWnq6pE\nZtipLjObpzVRgFGx/40IyKSlVklHXZvn055bVgFtNYA57erPITDHdKBLSYijn1fA\nP/n7Sin7KfdEo/uShX3bYIPesRCrT1hF5UKdfCaAtqcXsVJ2eVXKN+/PcIsTSGBF\nsi6tYJOIHV6g+kGILGj4OdRV5Uw/d5yFubEh/G02OYjOnc4qyKfW3gbvKp+naA2M\nm0Nv53d11okfdOFUtgl3sxztkmvi5jmI8gzQabllnyNljDS5KcGLFZABJl5Dfl7v\nDP0/xZVIzr4oZgB7h/zaGAAZm6ZyqlzQ4czPSQK6k8iwuJ97ptQ9FzlRpXhSB102\n3x6rvwpxqk3q5jYgdIAS5d5awDYIwn8uzZHCsVliLjNHwDOOsxoJcRKQYxXSar/Z\n0gopP2SjGAdfFRp1aHnqhlyZpCZno54x9yb9XQdX5YDN3eiq5QKCAQEAxc2nId4N\nwtssuCJ6Mwfa1pHsnUYSnyDBKF6mTgEYxf2ZKgCFjtuRoieL7RSs2EePAnynKwwp\npfYPtIkBcuYVv4nOZIMY8vciQCk/kNNxdLfnRW0ky/QTpil1Z/4TFAW0aIsMdvzB\n6scwVTgoP5rwcV6uUx+7vYjsx96ux2hb89nbZvdnOq/YVfFlRYQgBUhcBQ6pbVJN\nbMSubVLu5u0lN1zcspbcuzrDhzfdJR3UALd3LtRchljGb31XOg6WAdS4G99gb41U\nyM5OzP53MEHfXq/JoyUuc++SsYMojv6RSsaAN+eQyZlWr/YuEluoEMok5msRpFB+\nymsw+7ob9VcnEwKCAQEA1zEw+LItI5k1OkvfjNQxUXnSc8f1XT9+aMR+Jyi/LYhM\neuxPOx+Oij6T5BTly6NIB88fhzPed6n4IK5bF2sUhvjapbw4wZWSRGvAJ9RQVSWi\nIHrOPc56lHkNOJRjve95MFo3mmO461fVd1nGdFby87YWZbue5tj0Rl2aeRSNL6Zl\nGR4F9gi+IPq0EAHHPf+eMbiMhGighnRhuJQ9SyTdsUodK7tdHaVWfcIB2wJJcQAo\ncMF9zU6/TzpR7/7BCwa4FtVW0ulaeyLTNkhM9xDS1LF2hF0to5XSdj4V4SJLSUmB\nxp/nsjkI90XGAnG+9+/tLCxjRCJFGwiMRtFAPLrdgwKCAQBB0VduloO/tcxgjOBa\ngJ+ZzD6OapWhq3V6aFwwEn9ayjKf3kKSsY75BO2zerC02sLEUhQR598n4QOC0B/S\nSqsr67/ohBLWLdOQw+jp2OGks9jZqiKXVuT+4ka1zr4saGWKb9I6+YnRBGyZvrDt\n0TF2l8mr0SBYRep76yX/JkOKlZBC58nKpl524ncPNZKuD1DHQgSwYrVuntdnezQR\nVRGQJW8uYbKa/ke3g6grRIyZnHKk+3a6IWoOCQfwQpA5lb2ZUK+3DrEKjFN+NKIW\nRaT8zcNrbODTJQGL3ZeuVRilZ/2cHIp5+nL05BaadzMqOwkiPrhFE5/M3PQUnu3U\nqiZPAoIBAD3kHwKYNFVVvjJbGhul991IHVhBfXdpSJEXWnUmyf1tgxmjl5IYnGV0\nZBKoVANCnffpAVdgeq6OCxhTLU3J9WhwcGpUfTpoK15UYzrRXJ1wqnWO/HxYQ3cq\nbbwFKb65/nACspVL8yZ056dhAav6SfwANebilGwun+sRBtmmKIk44UDdGrfNgel4\nUYt9B3H0b+o6+ucmNG0XUffFYu+W1dAk0cj/JWPeZsbaoq/7s2W1tuvfKrB+4pUF\n4AUXjyv9rbqbd1JH3UcnF/o3xzMT+p9DvyOIrRSshZCOgLp0o5SbeKDI4tmmf8am\nobGYR2WF8v/OcGprNNb2mWnQyxnsYMMCggEBAK/r7ZyFIgr1aNLn9tI5BAaOwZSs\nQFZlKHEVUbZY8PBCnztrw18guMNvSvI0fU6XmOTrTXQyJ4xgcciGJ60x16cUE8b9\nFL8A7ZNvXVk19K7xcph7vVrsaFsQRpxippOxeOXsrzNdujl0nIruY+NnzlRWkhLo\n5iRvcxjcSmHu9lKD9vJnT7GgKiPsr388MI8uvLd0vSroaL6seek/Lj40MlE/3/UN\nRyrnYJN8B1dsbbIjAJcuw6XExbYPgi/LvRQoe1DpBfYuDn/vSKCI6Q9mU1TsbRbg\nNS5ImW/zEI54jjjfhUVdxuQrJr/iBjc5G2gl/pA7N3zTwfm5WCiBD+Y8qfk=\n-----END RSA PRIVATE KEY-----\n",
            "private_key_pem_pkcs8": "-----BEGIN PRIVATE KEY-----\nMIIJQgIBADANBgkqhkiG9w0BAQEFAASCCSwwggkoAgEAAoICAQCmRbmRJzUwl3yc\nzjwsJRSEKKZrXQouBGV4X3+F4HYMk5v/PidJ3JF8cqb0mpSQ56IVtVJPlglYJeNj\n/nC89eMWwhA3duXu2Nje0sjKWJFO6LqZW8s2UAeoSGPfYPlRqEfhO/aWNaBGv1Px\ny4T0wBwkeMgg7UP7YOeuIIMa9j7a//RFAbhyFEAGb1x6hbivcGjwsa/R1VrxaDH4\nr9iQU0Rc4Gu/G2D30prem/qNfbCugSLp2spBeqr9nmTnDaQFQ3m91jXd2/hylFBK\npZW75r8PQEJdhCiwNznLJ+VZwUKUNzK6yRToXn+ysSdBLc3AmDMbb+9oVZaGziTO\nqSJUYhmuCVDYefxtJh95zbXRw4yJKQ5qFzqL/RqHwAzgeQ3Gu7y7j79vG/VzjhJw\nMDLnd1qXj5RwxD9Pbgqj5NPSyJbMtKyYW+lS+9cCAn76gwoLgWKjBus2nhkX0tTa\n4JWWw0RvXsy9vG8zM8akFVIwXNI6ODZwmUiuMvzgl2Ekwtc8KUFvp6QnB9VeeHxo\nF1Cg9ekyDismQc6dVx8xxsvhGJO/0wb2Gh/3KnrtLr2BrG+2d1CMWmBnTp0KTlxf\nP538/roNOL9sVfhjzcDVNYPpmEGQUbgT0OTiI/A55f55i9NFy40AbqCFhg1XHnAN\nTJbZDEiPFXZyArCkB7u2LVVVoCJluQIDAQABAoICABQYn0oU9A/Qb2ZAYvNu8+DZ\nTOvzDdTsARugZzhWHc59VMBv0a3Ss97XuKgdutEcvfFjvfQSjUSTJ72hNh0Qlwbc\nI7ugakAJA4VC8rPKKp3f8RWyC4if+Zz0SuXnwZqF/VISvkX/a0TBwTKbR5GRWpVp\n575bDvlmB/p6wX3Tv1sWzn48q/9VxTtB4GqKmPzTWEunHjn9UIWW81s8Xa9r8PpM\nwZkShRDO6pr3PTw2sdEVmJOtNv7dBaerqkRm2KkuM5unNVGAUbH/jQjIpKVWSUdd\nm+fTnltWAW01gDnt6s8hMMd0oEtJiKOfV8A/+ftKKfsp90Sj+5KFfdtgg96xEKtP\nWEXlQp18JoC2pxexUnZ5Vco3789wixNIYEWyLq1gk4gdXqD6QYgsaPg51FXlTD93\nnIW5sSH8bTY5iM6dzirIp9beBu8qn6doDYybQ2/nd3XWiR904VS2CXezHO2Sa+Lm\nOYjyDNBpuWWfI2WMNLkpwYsVkAEmXkN+Xu8M/T/FlUjOvihmAHuH/NoYABmbpnKq\nXNDhzM9JArqTyLC4n3um1D0XOVGleFIHXTbfHqu/CnGqTermNiB0gBLl3lrANgjC\nfy7NkcKxWWIuM0fAM46zGglxEpBjFdJqv9nSCik/ZKMYB18VGnVoeeqGXJmkJmej\nnjH3Jv1dB1flgM3d6KrlAoIBAQDFzach3g3C2yy4InozB9rWkeydRhKfIMEoXqZO\nARjF/ZkqAIWO25GiJ4vtFKzYR48CfKcrDCml9g+0iQFy5hW/ic5kgxjy9yJAKT+Q\n03F0t+dFbSTL9BOmKXVn/hMUBbRoiwx2/MHqxzBVOCg/mvBxXq5TH7u9iOzH3q7H\naFvz2dtm92c6r9hV8WVFhCAFSFwFDqltUk1sxK5tUu7m7SU3XNyylty7OsOHN90l\nHdQAt3cu1FyGWMZvfVc6DpYB1Lgb32BvjVTIzk7M/ncwQd9er8mjJS5z75KxgyiO\n/pFKxoA355DJmVav9i4SW6gQyiTmaxGkUH7KazD7uhv1VycTAoIBAQDXMTD4si0j\nmTU6S9+M1DFRedJzx/VdP35oxH4nKL8tiEx67E87H46KPpPkFOXLo0gHzx+HM953\nqfggrlsXaxSG+NqlvDjBlZJEa8An1FBVJaIges49znqUeQ04lGO973kwWjeaY7jr\nV9V3WcZ0VvLzthZlu57m2PRGXZp5FI0vpmUZHgX2CL4g+rQQAcc9/54xuIyEaKCG\ndGG4lD1LJN2xSh0ru10dpVZ9wgHbAklxAChwwX3NTr9POlHv/sELBrgW1VbS6Vp7\nItM2SEz3ENLUsXaEXS2jldJ2PhXhIktJSYHGn+eyOQj3RcYCcb737+0sLGNEIkUb\nCIxG0UA8ut2DAoIBAEHRV26Wg7+1zGCM4FqAn5nMPo5qlaGrdXpoXDASf1rKMp/e\nQpKxjvkE7bN6sLTawsRSFBHn3yfhA4LQH9JKqyvrv+iEEtYt05DD6OnY4aSz2Nmq\nIpdW5P7iRrXOvixoZYpv0jr5idEEbJm+sO3RMXaXyavRIFhF6nvrJf8mQ4qVkELn\nycqmXnbidw81kq4PUMdCBLBitW6e12d7NBFVEZAlby5hspr+R7eDqCtEjJmccqT7\ndrohag4JB/BCkDmVvZlQr7cOsQqMU340ohZFpPzNw2ts4NMlAYvdl65VGKVn/Zwc\ninn6cvTkFpp3Myo7CSI+uEUTn8zc9BSe7dSqJk8CggEAPeQfApg0VVW+MlsaG6X3\n3UgdWEF9d2lIkRdadSbJ/W2DGaOXkhicZXRkEqhUA0Kd9+kBV2B6ro4LGFMtTcn1\naHBwalR9OmgrXlRjOtFcnXCqdY78fFhDdyptvAUpvrn+cAKylUvzJnTnp2EBq/pJ\n/AA15uKUbC6f6xEG2aYoiTjhQN0at82B6XhRi30HcfRv6jr65yY0bRdR98Vi75bV\n0CTRyP8lY95mxtqir/uzZbW2698qsH7ilQXgBRePK/2tupt3UkfdRycX+jfHMxP6\nn0O/I4itFKyFkI6AunSjlJt4oMji2aZ/xqahsZhHZYXy/85wams01vaZadDLGexg\nwwKCAQEAr+vtnIUiCvVo0uf20jkEBo7BlKxAVmUocRVRtljw8EKfO2vDXyC4w29K\n8jR9TpeY5OtNdDInjGBxyIYnrTHXpxQTxv0UvwDtk29dWTX0rvFymHu9WuxoWxBG\nnGKmk7F45eyvM126OXSciu5j42fOVFaSEujmJG9zGNxKYe72UoP28mdPsaAqI+yv\nfzwwjy68t3S9Kuhovqx56T8uPjQyUT/f9Q1HKudgk3wHV2xtsiMAly7DpcTFtg+C\nL8u9FCh7UOkF9i4Of+9IoIjpD2ZTVOxtFuA1LkiZb/MQjniOON+FRV3G5Csmv+IG\nNzkbaCX+kDs3fNPB+blYKIEP5jyp+Q==\n-----END PRIVATE KEY-----\n",
            "public_key_fingerprint_md5": "1c:d9:f0:e2:48:a6:83:26:ee:54:39:51:fc:34:b7:ef",
            "public_key_fingerprint_sha256": "SHA256:+Ia97x2E+dpjL9pM6NkUAJmWr8pjYjOT48aRjs8D/rU",
            "public_key_openssh": "ssh-rsa AAAAB3NzaC1yc2EAAAADAQABAAACAQCmRbmRJzUwl3yczjwsJRSEKKZrXQouBGV4X3+F4HYMk5v/PidJ3JF8cqb0mpSQ56IVtVJPlglYJeNj/nC89eMWwhA3duXu2Nje0sjKWJFO6LqZW8s2UAeoSGPfYPlRqEfhO/aWNaBGv1Pxy4T0wBwkeMgg7UP7YOeuIIMa9j7a//RFAbhyFEAGb1x6hbivcGjwsa/R1VrxaDH4r9iQU0Rc4Gu/G2D30prem/qNfbCugSLp2spBeqr9nmTnDaQFQ3m91jXd2/hylFBKpZW75r8PQEJdhCiwNznLJ+VZwUKUNzK6yRToXn+ysSdBLc3AmDMbb+9oVZaGziTOqSJUYhmuCVDYefxtJh95zbXRw4yJKQ5qFzqL/RqHwAzgeQ3Gu7y7j79vG/VzjhJwMDLnd1qXj5RwxD9Pbgqj5NPSyJbMtKyYW+lS+9cCAn76gwoLgWKjBus2nhkX0tTa4JWWw0RvXsy9vG8zM8akFVIwXNI6ODZwmUiuMvzgl2Ekwtc8KUFvp6QnB9VeeHxoF1Cg9ekyDismQc6dVx8xxsvhGJO/0wb2Gh/3KnrtLr2BrG+2d1CMWmBnTp0KTlxfP538/roNOL9sVfhjzcDVNYPpmEGQUbgT0OTiI/A55f55i9NFy40AbqCFhg1XHnANTJbZDEiPFXZyArCkB7u2LVVVoCJluQ==\n",
            "public_key_pem": "-----BEGIN PUBLIC KEY-----\nMIICIjANBgkqhkiG9w0BAQEFAAOCAg8AMIICCgKCAgEApkW5kSc1MJd8nM48LCUU\nhCima10KLgRleF9/heB2DJOb/z4nSdyRfHKm9JqUkOeiFbVST5YJWCXjY/5wvPXj\nFsIQN3bl7tjY3tLIyliRTui6mVvLNlAHqEhj32D5UahH4Tv2ljWgRr9T8cuE9MAc\nJHjIIO1D+2DnriCDGvY+2v/0RQG4chRABm9ceoW4r3Bo8LGv0dVa8Wgx+K/YkFNE\nXOBrvxtg99Ka3pv6jX2wroEi6drKQXqq/Z5k5w2kBUN5vdY13dv4cpRQSqWVu+a/\nD0BCXYQosDc5yyflWcFClDcyuskU6F5/srEnQS3NwJgzG2/vaFWWhs4kzqkiVGIZ\nrglQ2Hn8bSYfec210cOMiSkOahc6i/0ah8AM4HkNxru8u4+/bxv1c44ScDAy53da\nl4+UcMQ/T24Ko+TT0siWzLSsmFvpUvvXAgJ++oMKC4FiowbrNp4ZF9LU2uCVlsNE\nb17MvbxvMzPGpBVSMFzSOjg2cJlIrjL84JdhJMLXPClBb6ekJwfVXnh8aBdQoPXp\nMg4rJkHOnVcfMcbL4RiTv9MG9hof9yp67S69gaxvtndQjFpgZ06dCk5cXz+d/P66\nDTi/bFX4Y83A1TWD6ZhBkFG4E9Dk4iPwOeX+eYvTRcuNAG6ghYYNVx5wDUyW2QxI\njxV2cgKwpAe7ti1VVaAiZbkCAwEAAQ==\n-----END PUBLIC KEY-----\n",
            "rsa_bits": 4096
          },
          "sensitive_attributes": [
            [
              {
                "type": "get_attr",
                "value": "private_key_pem_pkcs8"
              }
            ],
            [
              {
                "type": "get_attr",
                "value": "private_key_openssh"
              }
            ],
            [
              {
                "type": "get_attr",
                "value": "private_key_pem"
              }
            ]
          ],
          "dependencies": [
            "module.eks_iam.aws_iam_role.eks_cluster_role",
            "module.eks_iam.aws_iam_role_policy_attachment.eks_cluster_AmazonEC2ContainerRegistryReadOnly",
            "module.eks_iam.aws_iam_role_policy_attachment.eks_cluster_AmazonEKSClusterPolicy",
            "module.eks_iam.aws_iam_role_policy_attachment.eks_cluster_AmazonEKSVPCResourceController",
            "module.eks_iam.aws_iam_role_policy_attachment.eks_cluster_AmazonEKSWorkerNodePolicy",
            "module.eks_iam.aws_iam_role_policy_attachment.eks_cluster_AmazonEKS_CNI_Policy",
            "module.vpc.aws_internet_gateway.igw",
            "module.vpc.aws_route_table.public_route_table",
            "module.vpc.aws_route_table_association.public_subnet_assoc_1",
            "module.vpc.aws_route_table_association.public_subnet_assoc_2",
            "module.vpc.aws_subnet.public_subnet_1",
            "module.vpc.aws_subnet.public_subnet_2",
            "module.vpc.aws_vpc.main_vpc"
          ],
          "create_before_destroy": true
        }
      ]
    },
    {
      "module": "module.eks",
      "mode": "data",
      "type": "aws_ssm_parameter",
      "name": "eks_worker_ami",
      "provider": "provider[\"registry.terraform.io/hashicorp/aws\"]",
      "instances": [
        {
          "schema_version": 0,
          "attributes": {
            "arn": "arn:aws:ssm:eu-west-1::parameter/aws/service/eks/optimized-ami/1.31/amazon-linux-2/recommended/image_id",
            "id": "/aws/service/eks/optimized-ami/1.31/amazon-linux-2/recommended/image_id",
            "insecure_value": "ami-03e98f20926ad2efc",
            "name": "/aws/service/eks/optimized-ami/1.31/amazon-linux-2/recommended/image_id",
            "type": "String",
            "value": "ami-03e98f20926ad2efc",
            "version": 21,
            "with_decryption": true
          },
          "sensitive_attributes": [
            [
              {
                "type": "get_attr",
                "value": "value"
              }
            ]
          ]
        }
      ]
    },
    {
      "module": "module.eks",
      "mode": "managed",
      "type": "aws_eks_cluster",
      "name": "this",
      "provider": "provider[\"registry.terraform.io/hashicorp/aws\"]",
      "instances": [
        {
          "schema_version": 1,
          "attributes": {
            "access_config": [
              {
                "authentication_mode": "CONFIG_MAP",
                "bootstrap_cluster_creator_admin_permissions": true
              }
            ],
            "arn": "arn:aws:eks:eu-west-1:212773812862:cluster/my-eks-cluster",
            "bootstrap_self_managed_addons": true,
            "certificate_authority": [
              {
                "data": "LS0tLS1CRUdJTiBDRVJUSUZJQ0FURS0tLS0tCk1JSURCVENDQWUyZ0F3SUJBZ0lJUTFRMGY4UHMxN3d3RFFZSktvWklodmNOQVFFTEJRQXdGVEVUTUJFR0ExVUUKQXhNS2EzVmlaWEp1WlhSbGN6QWVGdzB5TlRBek1Ua3hNakEwTVRWYUZ3MHpOVEF6TVRjeE1qQTVNVFZhTUJVeApFekFSQmdOVkJBTVRDbXQxWW1WeWJtVjBaWE13Z2dFaU1BMEdDU3FHU0liM0RRRUJBUVVBQTRJQkR3QXdnZ0VLCkFvSUJBUUNoVk9JU0NpNU1ucDA3SmdtbDUrcHI0YmMxbDYrK1ZJTzZFWi9EWmdZa2JYRVoyVVg1RjFqS2JQZEgKSWNUN1lIb2N0OVdUTVdDcVpLLzQ0RTBLNjdBK1hVVkxaYmJzM1A5NEgwQmNFZXdIendEa2RUd2o0Y1pWV1VnRQpXanczdmVMTGpPRFFDMUV1SStUMkZjSnFhZE5heWpqQjgyQS9vR21JMTlYcGwrZ0tqZXhSbk5kR1lCc0dBMWVNCnZmSkhyMStZZ3VpOENoMTRFTy9BQkxqL1VRSldaUHYyOVc4V0t5QlQ3V2dONTJVb1lSaWNiY3VTOGxjMUlQU2UKTUo5NHdDdUNlMjc5T0xXNHFrMzRGTjhEMGdzUjFaWmx2L0U4aTFyVFlyM3RkTGp5NzRvZ3ZLUEE4Mzh0eldYaApmWXFmWUx6R09nSDVYTGFUOGpDblFFbzlkWTNsQWdNQkFBR2pXVEJYTUE0R0ExVWREd0VCL3dRRUF3SUNwREFQCkJnTlZIUk1CQWY4RUJUQURBUUgvTUIwR0ExVWREZ1FXQkJRTVRKK3dGRkwrM2t3dFE5cXAxQUs1VmVxVktEQVYKQmdOVkhSRUVEakFNZ2dwcmRXSmxjbTVsZEdWek1BMEdDU3FHU0liM0RRRUJDd1VBQTRJQkFRQXo5aHBwZEZ2aQpYUFI0YkxjTFZrSnpxUVZhblhKVUFLTnIvVzRHbjBGbUU5R1BKejNqNjFBZWw1M1NYV1hyOEl5WkpFUmZ0SVNGCk8zVFpTdFVPUHFXa3lzYTl4WURpeThTTmwvSGtheHA0aU9rMzNra05EaDFYemVXcUpKSjZNRjhHOWN4UitDcEwKRnhYcTJFUDFkOTRqaTMzc24vSjVmenpmcmc3VDd6TitvYXpaaHpaNG1LOXMxdFRGQnM4VGhWeCtZN29ZR0IvLwo5ckRmWFlRNXF0K20za3oxK1lsd3ZqeUhtYy81SDNwNGdxcFo2Qm05UDNmNGdzL1ZtNTEzT0xpRVhYSXhlRjVSCnUwMm1SUGZxZERISVZOMHIzb1ptRHNpa0M1eS9RUUZoZ1o2azFFV3pwSWVsVkZhSHVaS3R6VlNKSU1HMXJsTDMKTGVHdFVoRmVZOEEyCi0tLS0tRU5EIENFUlRJRklDQVRFLS0tLS0K"
              }
            ],
            "cluster_id": null,
            "compute_config": [],
            "created_at": "2025-03-19T12:04:34Z",
            "enabled_cluster_log_types": null,
            "encryption_config": [],
            "endpoint": "https://5F49A0EB88774A2CC945B08A8FD8AE3D.sk1.eu-west-1.eks.amazonaws.com",
            "id": "my-eks-cluster",
            "identity": [
              {
                "oidc": [
                  {
                    "issuer": "https://oidc.eks.eu-west-1.amazonaws.com/id/5F49A0EB88774A2CC945B08A8FD8AE3D"
                  }
                ]
              }
            ],
            "kubernetes_network_config": [
              {
                "elastic_load_balancing": [
                  {
                    "enabled": false
                  }
                ],
                "ip_family": "ipv4",
                "service_ipv4_cidr": "172.20.0.0/16",
                "service_ipv6_cidr": ""
              }
            ],
            "name": "my-eks-cluster",
            "outpost_config": [],
            "platform_version": "eks.21",
            "remote_network_config": [],
            "role_arn": "arn:aws:iam::212773812862:role/eks-cluster-role",
            "status": "ACTIVE",
            "storage_config": [],
            "tags": null,
            "tags_all": {},
            "timeouts": {
              "create": "10m",
              "delete": null,
              "update": null
            },
            "upgrade_policy": [
              {
                "support_type": "EXTENDED"
              }
            ],
            "version": "1.31",
            "vpc_config": [
              {
                "cluster_security_group_id": "sg-0d76beb0a556fbb9c",
                "endpoint_private_access": false,
                "endpoint_public_access": true,
                "public_access_cidrs": [
                  "0.0.0.0/0"
                ],
                "security_group_ids": null,
                "subnet_ids": [
                  "subnet-02a848a4c7e57295b",
                  "subnet-0bb9562ad8481f45d"
                ],
                "vpc_id": "vpc-0654db8c4a6f39ca2"
              }
            ],
            "zonal_shift_config": []
          },
          "sensitive_attributes": [],
          "private": "eyJlMmJmYjczMC1lY2FhLTExZTYtOGY4OC0zNDM2M2JjN2M0YzAiOnsiY3JlYXRlIjo2MDAwMDAwMDAwMDAsImRlbGV0ZSI6OTAwMDAwMDAwMDAwLCJ1cGRhdGUiOjM2MDAwMDAwMDAwMDB9LCJzY2hlbWFfdmVyc2lvbiI6IjEifQ==",
          "dependencies": [
            "aws_key_pair.eks_key",
            "local_file.eks_node_private_key",
            "module.eks_iam.aws_iam_role.eks_cluster_role",
            "module.eks_iam.aws_iam_role_policy_attachment.eks_cluster_AmazonEC2ContainerRegistryReadOnly",
            "module.eks_iam.aws_iam_role_policy_attachment.eks_cluster_AmazonEKSClusterPolicy",
            "module.eks_iam.aws_iam_role_policy_attachment.eks_cluster_AmazonEKSVPCResourceController",
            "module.eks_iam.aws_iam_role_policy_attachment.eks_cluster_AmazonEKSWorkerNodePolicy",
            "module.eks_iam.aws_iam_role_policy_attachment.eks_cluster_AmazonEKS_CNI_Policy",
            "module.vpc.aws_internet_gateway.igw",
            "module.vpc.aws_route_table.public_route_table",
            "module.vpc.aws_route_table_association.public_subnet_assoc_1",
            "module.vpc.aws_route_table_association.public_subnet_assoc_2",
            "module.vpc.aws_subnet.public_subnet_1",
            "module.vpc.aws_subnet.public_subnet_2",
            "module.vpc.aws_vpc.main_vpc",
            "tls_private_key.eks_node_key"
          ]
        }
      ]
    },
    {
      "module": "module.eks",
      "mode": "managed",
      "type": "aws_eks_node_group",
      "name": "this",
      "provider": "provider[\"registry.terraform.io/hashicorp/aws\"]",
      "instances": [
        {
          "schema_version": 0,
          "attributes": {
            "ami_type": "CUSTOM",
            "arn": "arn:aws:eks:eu-west-1:212773812862:nodegroup/my-eks-cluster/my-eks-cluster-node-group/f4cad728-885a-d0d7-36a5-5b702ff59d56",
            "capacity_type": "ON_DEMAND",
            "cluster_name": "my-eks-cluster",
            "disk_size": 0,
            "force_update_version": null,
            "id": "my-eks-cluster:my-eks-cluster-node-group",
            "instance_types": [],
            "labels": null,
            "launch_template": [
              {
                "id": "lt-0c395f86033226eb9",
                "name": "my-eks-cluster-node-20250319120433521400000007",
                "version": "1"
              }
            ],
            "node_group_name": "my-eks-cluster-node-group",
            "node_group_name_prefix": "",
            "node_repair_config": [],
            "node_role_arn": "arn:aws:iam::212773812862:role/eks-cluster-role",
            "release_version": "ami-03e98f20926ad2efc",
            "remote_access": [],
            "resources": [
              {
                "autoscaling_groups": [
                  {
                    "name": "eks-my-eks-cluster-node-group-f4cad728-885a-d0d7-36a5-5b702ff59d56"
                  }
                ],
                "remote_access_security_group_id": ""
              }
            ],
            "scaling_config": [
              {
                "desired_size": 2,
                "max_size": 2,
                "min_size": 2
              }
            ],
            "status": "ACTIVE",
            "subnet_ids": [
              "subnet-02a848a4c7e57295b",
              "subnet-0bb9562ad8481f45d"
            ],
            "tags": null,
            "tags_all": {},
            "taint": [],
            "timeouts": {
              "create": "20m",
              "delete": null,
              "update": null
            },
            "update_config": [
              {
                "max_unavailable": 1,
                "max_unavailable_percentage": 0
              }
            ],
            "version": "1.31"
          },
          "sensitive_attributes": [],
          "private": "eyJlMmJmYjczMC1lY2FhLTExZTYtOGY4OC0zNDM2M2JjN2M0YzAiOnsiY3JlYXRlIjoxMjAwMDAwMDAwMDAwLCJkZWxldGUiOjM2MDAwMDAwMDAwMDAsInVwZGF0ZSI6MzYwMDAwMDAwMDAwMH19",
          "dependencies": [
            "aws_key_pair.eks_key",
            "local_file.eks_node_private_key",
            "module.eks.aws_eks_cluster.this",
            "module.eks.aws_launch_template.node_group_lt",
            "module.eks.data.aws_ssm_parameter.eks_worker_ami",
            "module.eks_iam.aws_iam_role.eks_cluster_role",
            "module.eks_iam.aws_iam_role_policy_attachment.eks_cluster_AmazonEC2ContainerRegistryReadOnly",
            "module.eks_iam.aws_iam_role_policy_attachment.eks_cluster_AmazonEKSClusterPolicy",
            "module.eks_iam.aws_iam_role_policy_attachment.eks_cluster_AmazonEKSVPCResourceController",
            "module.eks_iam.aws_iam_role_policy_attachment.eks_cluster_AmazonEKSWorkerNodePolicy",
            "module.eks_iam.aws_iam_role_policy_attachment.eks_cluster_AmazonEKS_CNI_Policy",
            "module.vpc.aws_internet_gateway.igw",
            "module.vpc.aws_route_table.public_route_table",
            "module.vpc.aws_route_table_association.public_subnet_assoc_1",
            "module.vpc.aws_route_table_association.public_subnet_assoc_2",
            "module.vpc.aws_subnet.public_subnet_1",
            "module.vpc.aws_subnet.public_subnet_2",
            "module.vpc.aws_vpc.main_vpc",
            "tls_private_key.eks_node_key"
          ]
        }
      ]
    },
    {
      "module": "module.eks",
      "mode": "managed",
      "type": "aws_launch_template",
      "name": "node_group_lt",
      "provider": "provider[\"registry.terraform.io/hashicorp/aws\"]",
      "instances": [
        {
          "schema_version": 0,
          "attributes": {
            "arn": "arn:aws:ec2:eu-west-1:212773812862:launch-template/lt-0c395f86033226eb9",
            "block_device_mappings": [
              {
                "device_name": "/dev/xvda",
                "ebs": [
                  {
                    "delete_on_termination": "",
                    "encrypted": "",
                    "iops": 0,
                    "kms_key_id": "",
                    "snapshot_id": "",
                    "throughput": 0,
                    "volume_size": 20,
                    "volume_type": "gp2"
                  }
                ],
                "no_device": "",
                "virtual_name": ""
              }
            ],
            "capacity_reservation_specification": [],
            "cpu_options": [],
            "credit_specification": [],
            "default_version": 1,
            "description": "",
            "disable_api_stop": false,
            "disable_api_termination": false,
            "ebs_optimized": "",
            "elastic_gpu_specifications": [],
            "elastic_inference_accelerator": [],
            "enclave_options": [],
            "hibernation_options": [],
            "iam_instance_profile": [],
            "id": "lt-0c395f86033226eb9",
            "image_id": "ami-03e98f20926ad2efc",
            "instance_initiated_shutdown_behavior": "",
            "instance_market_options": [],
            "instance_requirements": [],
            "instance_type": "t3.medium",
            "kernel_id": "",
            "key_name": "eks-node-key",
            "latest_version": 1,
            "license_specification": [],
            "maintenance_options": [],
            "metadata_options": [],
            "monitoring": [],
            "name": "my-eks-cluster-node-20250319120433521400000007",
            "name_prefix": "my-eks-cluster-node-",
            "network_interfaces": [],
            "placement": [],
            "private_dns_name_options": [],
            "ram_disk_id": "",
            "security_group_names": null,
            "tag_specifications": [],
            "tags": null,
            "tags_all": {},
            "update_default_version": null,
            "user_data": "IyEvYmluL2Jhc2gKL2V0Yy9la3MvYm9vdHN0cmFwLnNoIG15LWVrcy1jbHVzdGVyCg==",
            "vpc_security_group_ids": null
          },
          "sensitive_attributes": [
            [
              {
                "type": "get_attr",
                "value": "image_id"
              }
            ]
          ],
          "private": "bnVsbA==",
          "dependencies": [
            "aws_key_pair.eks_key",
            "local_file.eks_node_private_key",
            "module.eks.data.aws_ssm_parameter.eks_worker_ami",
            "module.eks_iam.aws_iam_role.eks_cluster_role",
            "module.eks_iam.aws_iam_role_policy_attachment.eks_cluster_AmazonEC2ContainerRegistryReadOnly",
            "module.eks_iam.aws_iam_role_policy_attachment.eks_cluster_AmazonEKSClusterPolicy",
            "module.eks_iam.aws_iam_role_policy_attachment.eks_cluster_AmazonEKSVPCResourceController",
            "module.eks_iam.aws_iam_role_policy_attachment.eks_cluster_AmazonEKSWorkerNodePolicy",
            "module.eks_iam.aws_iam_role_policy_attachment.eks_cluster_AmazonEKS_CNI_Policy",
            "module.vpc.aws_internet_gateway.igw",
            "module.vpc.aws_route_table.public_route_table",
            "module.vpc.aws_route_table_association.public_subnet_assoc_1",
            "module.vpc.aws_route_table_association.public_subnet_assoc_2",
            "module.vpc.aws_subnet.public_subnet_1",
            "module.vpc.aws_subnet.public_subnet_2",
            "module.vpc.aws_vpc.main_vpc",
            "tls_private_key.eks_node_key"
          ],
          "create_before_destroy": true
        }
      ]
    },
    {
      "module": "module.eks_iam",
      "mode": "managed",
      "type": "aws_iam_role",
      "name": "eks_cluster_role",
      "provider": "provider[\"registry.terraform.io/hashicorp/aws\"]",
      "instances": [
        {
          "schema_version": 0,
          "attributes": {
            "arn": "arn:aws:iam::212773812862:role/eks-cluster-role",
            "assume_role_policy": "{\"Statement\":[{\"Action\":\"sts:AssumeRole\",\"Effect\":\"Allow\",\"Principal\":{\"Service\":[\"eks.amazonaws.com\",\"ec2.amazonaws.com\"]}}],\"Version\":\"2012-10-17\"}",
            "create_date": "2025-03-19T12:04:26Z",
            "description": "",
            "force_detach_policies": false,
            "id": "eks-cluster-role",
            "inline_policy": [],
            "managed_policy_arns": [],
            "max_session_duration": 3600,
            "name": "eks-cluster-role",
            "name_prefix": "",
            "path": "/",
            "permissions_boundary": "",
            "tags": {
              "Name": "eks-cluster-role"
            },
            "tags_all": {
              "Name": "eks-cluster-role"
            },
            "unique_id": "AROATDCSOXJ7CQVWLH6R7"
          },
          "sensitive_attributes": [],
          "private": "bnVsbA==",
          "dependencies": [
            "module.vpc.aws_internet_gateway.igw",
            "module.vpc.aws_route_table.public_route_table",
            "module.vpc.aws_route_table_association.public_subnet_assoc_1",
            "module.vpc.aws_route_table_association.public_subnet_assoc_2",
            "module.vpc.aws_subnet.public_subnet_1",
            "module.vpc.aws_subnet.public_subnet_2",
            "module.vpc.aws_vpc.main_vpc"
          ],
          "create_before_destroy": true
        }
      ]
    },
    {
      "module": "module.eks_iam",
      "mode": "managed",
      "type": "aws_iam_role_policy_attachment",
      "name": "eks_cluster_AmazonEC2ContainerRegistryReadOnly",
      "provider": "provider[\"registry.terraform.io/hashicorp/aws\"]",
      "instances": [
        {
          "schema_version": 0,
          "attributes": {
            "id": "eks-cluster-role-20250319120428399200000005",
            "policy_arn": "arn:aws:iam::aws:policy/AmazonEC2ContainerRegistryReadOnly",
            "role": "eks-cluster-role"
          },
          "sensitive_attributes": [],
          "private": "bnVsbA==",
          "dependencies": [
            "module.eks_iam.aws_iam_role.eks_cluster_role",
            "module.vpc.aws_internet_gateway.igw",
            "module.vpc.aws_route_table.public_route_table",
            "module.vpc.aws_route_table_association.public_subnet_assoc_1",
            "module.vpc.aws_route_table_association.public_subnet_assoc_2",
            "module.vpc.aws_subnet.public_subnet_1",
            "module.vpc.aws_subnet.public_subnet_2",
            "module.vpc.aws_vpc.main_vpc"
          ],
          "create_before_destroy": true
        }
      ]
    },
    {
      "module": "module.eks_iam",
      "mode": "managed",
      "type": "aws_iam_role_policy_attachment",
      "name": "eks_cluster_AmazonEKSClusterPolicy",
      "provider": "provider[\"registry.terraform.io/hashicorp/aws\"]",
      "instances": [
        {
          "schema_version": 0,
          "attributes": {
            "id": "eks-cluster-role-20250319120427498100000002",
            "policy_arn": "arn:aws:iam::aws:policy/AmazonEKSClusterPolicy",
            "role": "eks-cluster-role"
          },
          "sensitive_attributes": [],
          "private": "bnVsbA==",
          "dependencies": [
            "module.eks_iam.aws_iam_role.eks_cluster_role",
            "module.vpc.aws_internet_gateway.igw",
            "module.vpc.aws_route_table.public_route_table",
            "module.vpc.aws_route_table_association.public_subnet_assoc_1",
            "module.vpc.aws_route_table_association.public_subnet_assoc_2",
            "module.vpc.aws_subnet.public_subnet_1",
            "module.vpc.aws_subnet.public_subnet_2",
            "module.vpc.aws_vpc.main_vpc"
          ],
          "create_before_destroy": true
        }
      ]
    },
    {
      "module": "module.eks_iam",
      "mode": "managed",
      "type": "aws_iam_role_policy_attachment",
      "name": "eks_cluster_AmazonEKSVPCResourceController",
      "provider": "provider[\"registry.terraform.io/hashicorp/aws\"]",
      "instances": [
        {
          "schema_version": 0,
          "attributes": {
            "id": "eks-cluster-role-20250319120428284800000004",
            "policy_arn": "arn:aws:iam::aws:policy/AmazonEKSVPCResourceController",
            "role": "eks-cluster-role"
          },
          "sensitive_attributes": [],
          "private": "bnVsbA==",
          "dependencies": [
            "module.eks_iam.aws_iam_role.eks_cluster_role",
            "module.vpc.aws_internet_gateway.igw",
            "module.vpc.aws_route_table.public_route_table",
            "module.vpc.aws_route_table_association.public_subnet_assoc_1",
            "module.vpc.aws_route_table_association.public_subnet_assoc_2",
            "module.vpc.aws_subnet.public_subnet_1",
            "module.vpc.aws_subnet.public_subnet_2",
            "module.vpc.aws_vpc.main_vpc"
          ],
          "create_before_destroy": true
        }
      ]
    },
    {
      "module": "module.eks_iam",
      "mode": "managed",
      "type": "aws_iam_role_policy_attachment",
      "name": "eks_cluster_AmazonEKSWorkerNodePolicy",
      "provider": "provider[\"registry.terraform.io/hashicorp/aws\"]",
      "instances": [
        {
          "schema_version": 0,
          "attributes": {
            "id": "eks-cluster-role-20250319120427886800000003",
            "policy_arn": "arn:aws:iam::aws:policy/AmazonEKSWorkerNodePolicy",
            "role": "eks-cluster-role"
          },
          "sensitive_attributes": [],
          "private": "bnVsbA==",
          "dependencies": [
            "module.eks_iam.aws_iam_role.eks_cluster_role",
            "module.vpc.aws_internet_gateway.igw",
            "module.vpc.aws_route_table.public_route_table",
            "module.vpc.aws_route_table_association.public_subnet_assoc_1",
            "module.vpc.aws_route_table_association.public_subnet_assoc_2",
            "module.vpc.aws_subnet.public_subnet_1",
            "module.vpc.aws_subnet.public_subnet_2",
            "module.vpc.aws_vpc.main_vpc"
          ],
          "create_before_destroy": true
        }
      ]
    },
    {
      "module": "module.eks_iam",
      "mode": "managed",
      "type": "aws_iam_role_policy_attachment",
      "name": "eks_cluster_AmazonEKS_CNI_Policy",
      "provider": "provider[\"registry.terraform.io/hashicorp/aws\"]",
      "instances": [
        {
          "schema_version": 0,
          "attributes": {
            "id": "eks-cluster-role-20250319120428413000000006",
            "policy_arn": "arn:aws:iam::aws:policy/AmazonEKS_CNI_Policy",
            "role": "eks-cluster-role"
          },
          "sensitive_attributes": [],
          "private": "bnVsbA==",
          "dependencies": [
            "module.eks_iam.aws_iam_role.eks_cluster_role",
            "module.vpc.aws_internet_gateway.igw",
            "module.vpc.aws_route_table.public_route_table",
            "module.vpc.aws_route_table_association.public_subnet_assoc_1",
            "module.vpc.aws_route_table_association.public_subnet_assoc_2",
            "module.vpc.aws_subnet.public_subnet_1",
            "module.vpc.aws_subnet.public_subnet_2",
            "module.vpc.aws_vpc.main_vpc"
          ],
          "create_before_destroy": true
        }
      ]
    },
    {
      "module": "module.vpc",
      "mode": "managed",
      "type": "aws_internet_gateway",
      "name": "igw",
      "provider": "provider[\"registry.terraform.io/hashicorp/aws\"]",
      "instances": [
        {
          "schema_version": 0,
          "attributes": {
            "arn": "arn:aws:ec2:eu-west-1:212773812862:internet-gateway/igw-00d1c0a3ca69ceb5e",
            "id": "igw-00d1c0a3ca69ceb5e",
            "owner_id": "212773812862",
            "tags": {
              "Name": "my-vpc-igw"
            },
            "tags_all": {
              "Name": "my-vpc-igw"
            },
            "timeouts": null,
            "vpc_id": "vpc-0654db8c4a6f39ca2"
          },
          "sensitive_attributes": [],
          "private": "eyJlMmJmYjczMC1lY2FhLTExZTYtOGY4OC0zNDM2M2JjN2M0YzAiOnsiY3JlYXRlIjoxMjAwMDAwMDAwMDAwLCJkZWxldGUiOjEyMDAwMDAwMDAwMDAsInVwZGF0ZSI6MTIwMDAwMDAwMDAwMH19",
          "dependencies": [
            "module.vpc.aws_vpc.main_vpc"
          ],
          "create_before_destroy": true
        }
      ]
    },
    {
      "module": "module.vpc",
      "mode": "managed",
      "type": "aws_route_table",
      "name": "public_route_table",
      "provider": "provider[\"registry.terraform.io/hashicorp/aws\"]",
      "instances": [
        {
          "schema_version": 0,
          "attributes": {
            "arn": "arn:aws:ec2:eu-west-1:212773812862:route-table/rtb-090055ed896e042e5",
            "id": "rtb-090055ed896e042e5",
            "owner_id": "212773812862",
            "propagating_vgws": [],
            "route": [
              {
                "carrier_gateway_id": "",
                "cidr_block": "0.0.0.0/0",
                "core_network_arn": "",
                "destination_prefix_list_id": "",
                "egress_only_gateway_id": "",
                "gateway_id": "igw-00d1c0a3ca69ceb5e",
                "ipv6_cidr_block": "",
                "local_gateway_id": "",
                "nat_gateway_id": "",
                "network_interface_id": "",
                "transit_gateway_id": "",
                "vpc_endpoint_id": "",
                "vpc_peering_connection_id": ""
              }
            ],
            "tags": {
              "Name": "my-vpc-public-rt"
            },
            "tags_all": {
              "Name": "my-vpc-public-rt"
            },
            "timeouts": null,
            "vpc_id": "vpc-0654db8c4a6f39ca2"
          },
          "sensitive_attributes": [],
          "private": "eyJlMmJmYjczMC1lY2FhLTExZTYtOGY4OC0zNDM2M2JjN2M0YzAiOnsiY3JlYXRlIjozMDAwMDAwMDAwMDAsImRlbGV0ZSI6MzAwMDAwMDAwMDAwLCJ1cGRhdGUiOjEyMDAwMDAwMDAwMH19",
          "dependencies": [
            "module.vpc.aws_internet_gateway.igw",
            "module.vpc.aws_vpc.main_vpc"
          ],
          "create_before_destroy": true
        }
      ]
    },
    {
      "module": "module.vpc",
      "mode": "managed",
      "type": "aws_route_table_association",
      "name": "public_subnet_assoc_1",
      "provider": "provider[\"registry.terraform.io/hashicorp/aws\"]",
      "instances": [
        {
          "schema_version": 0,
          "attributes": {
            "gateway_id": "",
            "id": "rtbassoc-0f849dc7e21ec74f1",
            "route_table_id": "rtb-090055ed896e042e5",
            "subnet_id": "subnet-02a848a4c7e57295b",
            "timeouts": null
          },
          "sensitive_attributes": [],
          "private": "eyJlMmJmYjczMC1lY2FhLTExZTYtOGY4OC0zNDM2M2JjN2M0YzAiOnsiY3JlYXRlIjozMDAwMDAwMDAwMDAsImRlbGV0ZSI6MzAwMDAwMDAwMDAwLCJ1cGRhdGUiOjEyMDAwMDAwMDAwMH19",
          "dependencies": [
            "module.vpc.aws_internet_gateway.igw",
            "module.vpc.aws_route_table.public_route_table",
            "module.vpc.aws_subnet.public_subnet_1",
            "module.vpc.aws_vpc.main_vpc"
          ],
          "create_before_destroy": true
        }
      ]
    },
    {
      "module": "module.vpc",
      "mode": "managed",
      "type": "aws_route_table_association",
      "name": "public_subnet_assoc_2",
      "provider": "provider[\"registry.terraform.io/hashicorp/aws\"]",
      "instances": [
        {
          "schema_version": 0,
          "attributes": {
            "gateway_id": "",
            "id": "rtbassoc-0f46c324f8d8654c4",
            "route_table_id": "rtb-090055ed896e042e5",
            "subnet_id": "subnet-0bb9562ad8481f45d",
            "timeouts": null
          },
          "sensitive_attributes": [],
          "private": "eyJlMmJmYjczMC1lY2FhLTExZTYtOGY4OC0zNDM2M2JjN2M0YzAiOnsiY3JlYXRlIjozMDAwMDAwMDAwMDAsImRlbGV0ZSI6MzAwMDAwMDAwMDAwLCJ1cGRhdGUiOjEyMDAwMDAwMDAwMH19",
          "dependencies": [
            "module.vpc.aws_internet_gateway.igw",
            "module.vpc.aws_route_table.public_route_table",
            "module.vpc.aws_subnet.public_subnet_2",
            "module.vpc.aws_vpc.main_vpc"
          ],
          "create_before_destroy": true
        }
      ]
    },
    {
      "module": "module.vpc",
      "mode": "managed",
      "type": "aws_subnet",
      "name": "public_subnet_1",
      "provider": "provider[\"registry.terraform.io/hashicorp/aws\"]",
      "instances": [
        {
          "schema_version": 1,
          "attributes": {
            "arn": "arn:aws:ec2:eu-west-1:212773812862:subnet/subnet-02a848a4c7e57295b",
            "assign_ipv6_address_on_creation": false,
            "availability_zone": "eu-west-1a",
            "availability_zone_id": "euw1-az2",
            "cidr_block": "10.0.101.0/24",
            "customer_owned_ipv4_pool": "",
            "enable_dns64": false,
            "enable_lni_at_device_index": 0,
            "enable_resource_name_dns_a_record_on_launch": false,
            "enable_resource_name_dns_aaaa_record_on_launch": false,
            "id": "subnet-02a848a4c7e57295b",
            "ipv6_cidr_block": "",
            "ipv6_cidr_block_association_id": "",
            "ipv6_native": false,
            "map_customer_owned_ip_on_launch": false,
            "map_public_ip_on_launch": true,
            "outpost_arn": "",
            "owner_id": "212773812862",
            "private_dns_hostname_type_on_launch": "ip-name",
            "tags": {
              "Name": "my-vpc-public-subnet-1"
            },
            "tags_all": {
              "Name": "my-vpc-public-subnet-1"
            },
            "timeouts": null,
            "vpc_id": "vpc-0654db8c4a6f39ca2"
          },
          "sensitive_attributes": [],
          "private": "eyJlMmJmYjczMC1lY2FhLTExZTYtOGY4OC0zNDM2M2JjN2M0YzAiOnsiY3JlYXRlIjo2MDAwMDAwMDAwMDAsImRlbGV0ZSI6MTIwMDAwMDAwMDAwMH0sInNjaGVtYV92ZXJzaW9uIjoiMSJ9",
          "dependencies": [
            "module.vpc.aws_vpc.main_vpc"
          ],
          "create_before_destroy": true
        }
      ]
    },
    {
      "module": "module.vpc",
      "mode": "managed",
      "type": "aws_subnet",
      "name": "public_subnet_2",
      "provider": "provider[\"registry.terraform.io/hashicorp/aws\"]",
      "instances": [
        {
          "schema_version": 1,
          "attributes": {
            "arn": "arn:aws:ec2:eu-west-1:212773812862:subnet/subnet-0bb9562ad8481f45d",
            "assign_ipv6_address_on_creation": false,
            "availability_zone": "eu-west-1b",
            "availability_zone_id": "euw1-az3",
            "cidr_block": "10.0.102.0/24",
            "customer_owned_ipv4_pool": "",
            "enable_dns64": false,
            "enable_lni_at_device_index": 0,
            "enable_resource_name_dns_a_record_on_launch": false,
            "enable_resource_name_dns_aaaa_record_on_launch": false,
            "id": "subnet-0bb9562ad8481f45d",
            "ipv6_cidr_block": "",
            "ipv6_cidr_block_association_id": "",
            "ipv6_native": false,
            "map_customer_owned_ip_on_launch": false,
            "map_public_ip_on_launch": true,
            "outpost_arn": "",
            "owner_id": "212773812862",
            "private_dns_hostname_type_on_launch": "ip-name",
            "tags": {
              "Name": "my-vpc-public-subnet-2"
            },
            "tags_all": {
              "Name": "my-vpc-public-subnet-2"
            },
            "timeouts": null,
            "vpc_id": "vpc-0654db8c4a6f39ca2"
          },
          "sensitive_attributes": [],
          "private": "eyJlMmJmYjczMC1lY2FhLTExZTYtOGY4OC0zNDM2M2JjN2M0YzAiOnsiY3JlYXRlIjo2MDAwMDAwMDAwMDAsImRlbGV0ZSI6MTIwMDAwMDAwMDAwMH0sInNjaGVtYV92ZXJzaW9uIjoiMSJ9",
          "dependencies": [
            "module.vpc.aws_vpc.main_vpc"
          ],
          "create_before_destroy": true
        }
      ]
    },
    {
      "module": "module.vpc",
      "mode": "managed",
      "type": "aws_vpc",
      "name": "main_vpc",
      "provider": "provider[\"registry.terraform.io/hashicorp/aws\"]",
      "instances": [
        {
          "schema_version": 1,
          "attributes": {
            "arn": "arn:aws:ec2:eu-west-1:212773812862:vpc/vpc-0654db8c4a6f39ca2",
            "assign_generated_ipv6_cidr_block": false,
            "cidr_block": "10.0.0.0/16",
            "default_network_acl_id": "acl-022c6692fe66e4644",
            "default_route_table_id": "rtb-06fdcf1f56430e67a",
            "default_security_group_id": "sg-08a4d6a2f62c541ac",
            "dhcp_options_id": "dopt-08641926ffd7b5d8f",
            "enable_dns_hostnames": true,
            "enable_dns_support": true,
            "enable_network_address_usage_metrics": false,
            "id": "vpc-0654db8c4a6f39ca2",
            "instance_tenancy": "default",
            "ipv4_ipam_pool_id": null,
            "ipv4_netmask_length": null,
            "ipv6_association_id": "",
            "ipv6_cidr_block": "",
            "ipv6_cidr_block_network_border_group": "",
            "ipv6_ipam_pool_id": "",
            "ipv6_netmask_length": 0,
            "main_route_table_id": "rtb-06fdcf1f56430e67a",
            "owner_id": "212773812862",
            "tags": {
              "Name": "my-vpc"
            },
            "tags_all": {
              "Name": "my-vpc"
            }
          },
          "sensitive_attributes": [],
          "private": "eyJzY2hlbWFfdmVyc2lvbiI6IjEifQ==",
          "create_before_destroy": true
        }
      ]
    }
  ],
  "check_results": null
}
